// !$*UTF8*$!
{
	archiveVersion = 1;
	classes = {
	};
	objectVersion = 46;
	objects = {

/* Begin PBXBuildFile section */
		6D80AAF514D7C95B000B8A19 /* tagEventor.1 in CopyFiles */ = {isa = PBXBuildFile; fileRef = 6D80AAF414D7C95B000B8A19 /* tagEventor.1 */; };
		6D80AB0214D8C703000B8A19 /* daemonControl.c in Sources */ = {isa = PBXBuildFile; fileRef = 6D80AAFC14D8C703000B8A19 /* daemonControl.c */; };
		6D80AB0314D8C703000B8A19 /* rulesTable.c in Sources */ = {isa = PBXBuildFile; fileRef = 6D80AAFD14D8C703000B8A19 /* rulesTable.c */; };
		6D80AB0414D8C703000B8A19 /* tagEventor.c in Sources */ = {isa = PBXBuildFile; fileRef = 6D80AB0014D8C703000B8A19 /* tagEventor.c */; };
		6D80AB0B14D8C733000B8A19 /* acr122UDriver.c in Sources */ = {isa = PBXBuildFile; fileRef = 6D80AB0514D8C733000B8A19 /* acr122UDriver.c */; };
		6D80AB0C14D8C733000B8A19 /* tagReader.c in Sources */ = {isa = PBXBuildFile; fileRef = 6D80AB0814D8C733000B8A19 /* tagReader.c */; };
		6D80AB0E14D8C9AB000B8A19 /* PCSC.framework in Frameworks */ = {isa = PBXBuildFile; fileRef = 6D80AB0D14D8C9AB000B8A19 /* PCSC.framework */; };
/* End PBXBuildFile section */

/* Begin PBXCopyFilesBuildPhase section */
		6D80AAEC14D7C95B000B8A19 /* CopyFiles */ = {
			isa = PBXCopyFilesBuildPhase;
			buildActionMask = 2147483647;
			dstPath = /usr/share/man/man1/;
			dstSubfolderSpec = 0;
			files = (
				6D80AAF514D7C95B000B8A19 /* tagEventor.1 in CopyFiles */,
			);
			runOnlyForDeploymentPostprocessing = 1;
		};
/* End PBXCopyFilesBuildPhase section */

/* Begin PBXFileReference section */
		6D80AAEE14D7C95B000B8A19 /* tagEventor */ = {isa = PBXFileReference; explicitFileType = "compiled.mach-o.executable"; includeInIndex = 0; path = tagEventor; sourceTree = BUILT_PRODUCTS_DIR; };
		6D80AAF414D7C95B000B8A19 /* tagEventor.1 */ = {isa = PBXFileReference; lastKnownFileType = text.man; path = tagEventor.1; sourceTree = "<group>"; };
		6D80AAFB14D8C703000B8A19 /* constants.h */ = {isa = PBXFileReference; fileEncoding = 4; lastKnownFileType = sourcecode.c.h; path = constants.h; sourceTree = "<group>"; };
		6D80AAFC14D8C703000B8A19 /* daemonControl.c */ = {isa = PBXFileReference; fileEncoding = 4; lastKnownFileType = sourcecode.c.c; path = daemonControl.c; sourceTree = "<group>"; };
		6D80AAFD14D8C703000B8A19 /* rulesTable.c */ = {isa = PBXFileReference; fileEncoding = 4; lastKnownFileType = sourcecode.c.c; path = rulesTable.c; sourceTree = "<group>"; };
		6D80AAFE14D8C703000B8A19 /* rulesTable.h */ = {isa = PBXFileReference; fileEncoding = 4; lastKnownFileType = sourcecode.c.h; path = rulesTable.h; sourceTree = "<group>"; };
		6D80AAFF14D8C703000B8A19 /* stringConstants.h */ = {isa = PBXFileReference; fileEncoding = 4; lastKnownFileType = sourcecode.c.h; path = stringConstants.h; sourceTree = "<group>"; };
		6D80AB0014D8C703000B8A19 /* tagEventor.c */ = {isa = PBXFileReference; fileEncoding = 4; lastKnownFileType = sourcecode.c.c; path = tagEventor.c; sourceTree = "<group>"; };
		6D80AB0114D8C703000B8A19 /* tagEventor.h */ = {isa = PBXFileReference; fileEncoding = 4; lastKnownFileType = sourcecode.c.h; path = tagEventor.h; sourceTree = "<group>"; };
		6D80AB0514D8C733000B8A19 /* acr122UDriver.c */ = {isa = PBXFileReference; fileEncoding = 4; lastKnownFileType = sourcecode.c.c; path = acr122UDriver.c; sourceTree = "<group>"; };
		6D80AB0614D8C733000B8A19 /* readerDriver.h */ = {isa = PBXFileReference; fileEncoding = 4; lastKnownFileType = sourcecode.c.h; path = readerDriver.h; sourceTree = "<group>"; };
		6D80AB0714D8C733000B8A19 /* tagMifareUltra.h */ = {isa = PBXFileReference; fileEncoding = 4; lastKnownFileType = sourcecode.c.h; path = tagMifareUltra.h; sourceTree = "<group>"; };
		6D80AB0814D8C733000B8A19 /* tagReader.c */ = {isa = PBXFileReference; fileEncoding = 4; lastKnownFileType = sourcecode.c.c; path = tagReader.c; sourceTree = "<group>"; };
		6D80AB0914D8C733000B8A19 /* tagReader.h */ = {isa = PBXFileReference; fileEncoding = 4; lastKnownFileType = sourcecode.c.h; path = tagReader.h; sourceTree = "<group>"; };
		6D80AB0A14D8C733000B8A19 /* tagReaderTypes.h */ = {isa = PBXFileReference; fileEncoding = 4; lastKnownFileType = sourcecode.c.h; path = tagReaderTypes.h; sourceTree = "<group>"; };
		6D80AB0D14D8C9AB000B8A19 /* PCSC.framework */ = {isa = PBXFileReference; lastKnownFileType = wrapper.framework; name = PCSC.framework; path = System/Library/Frameworks/PCSC.framework; sourceTree = SDKROOT; };
/* End PBXFileReference section */

/* Begin PBXFrameworksBuildPhase section */
		6D80AAEB14D7C95B000B8A19 /* Frameworks */ = {
			isa = PBXFrameworksBuildPhase;
			buildActionMask = 2147483647;
			files = (
				6D80AB0E14D8C9AB000B8A19 /* PCSC.framework in Frameworks */,
			);
			runOnlyForDeploymentPostprocessing = 0;
		};
/* End PBXFrameworksBuildPhase section */

/* Begin PBXGroup section */
		6D80AAE314D7C95B000B8A19 = {
			isa = PBXGroup;
			children = (
				6D80AB0D14D8C9AB000B8A19 /* PCSC.framework */,
				6D80AAF114D7C95B000B8A19 /* tagEventor */,
				6D80AAEF14D7C95B000B8A19 /* Products */,
			);
			sourceTree = "<group>";
		};
		6D80AAEF14D7C95B000B8A19 /* Products */ = {
			isa = PBXGroup;
			children = (
				6D80AAEE14D7C95B000B8A19 /* tagEventor */,
			);
			name = Products;
			sourceTree = "<group>";
		};
		6D80AAF114D7C95B000B8A19 /* tagEventor */ = {
			isa = PBXGroup;
			children = (
				6D80AAFB14D8C703000B8A19 /* constants.h */,
				6D80AAFC14D8C703000B8A19 /* daemonControl.c */,
				6D80AAFD14D8C703000B8A19 /* rulesTable.c */,
				6D80AAFE14D8C703000B8A19 /* rulesTable.h */,
				6D80AAFF14D8C703000B8A19 /* stringConstants.h */,
				6D80AB0014D8C703000B8A19 /* tagEventor.c */,
				6D80AB0514D8C733000B8A19 /* acr122UDriver.c */,
				6D80AB0614D8C733000B8A19 /* readerDriver.h */,
				6D80AB0714D8C733000B8A19 /* tagMifareUltra.h */,
				6D80AB0814D8C733000B8A19 /* tagReader.c */,
				6D80AB0914D8C733000B8A19 /* tagReader.h */,
				6D80AB0A14D8C733000B8A19 /* tagReaderTypes.h */,
				6D80AB0114D8C703000B8A19 /* tagEventor.h */,
				6D80AAF414D7C95B000B8A19 /* tagEventor.1 */,
			);
			path = tagEventor;
			sourceTree = "<group>";
		};
/* End PBXGroup section */

/* Begin PBXNativeTarget section */
		6D80AAED14D7C95B000B8A19 /* tagEventor */ = {
			isa = PBXNativeTarget;
			buildConfigurationList = 6D80AAF814D7C95B000B8A19 /* Build configuration list for PBXNativeTarget "tagEventor" */;
			buildPhases = (
				6D80AAEA14D7C95B000B8A19 /* Sources */,
				6D80AAEB14D7C95B000B8A19 /* Frameworks */,
				6D80AAEC14D7C95B000B8A19 /* CopyFiles */,
			);
			buildRules = (
			);
			dependencies = (
			);
			name = tagEventor;
			productName = tagEventor;
			productReference = 6D80AAEE14D7C95B000B8A19 /* tagEventor */;
			productType = "com.apple.product-type.tool";
		};
/* End PBXNativeTarget section */

/* Begin PBXProject section */
		6D80AAE514D7C95B000B8A19 /* Project object */ = {
			isa = PBXProject;
			attributes = {
				ORGANIZATIONNAME = ADP;
			};
			buildConfigurationList = 6D80AAE814D7C95B000B8A19 /* Build configuration list for PBXProject "tagEventor" */;
			compatibilityVersion = "Xcode 3.2";
			developmentRegion = English;
			hasScannedForEncodings = 0;
			knownRegions = (
				en,
			);
			mainGroup = 6D80AAE314D7C95B000B8A19;
			productRefGroup = 6D80AAEF14D7C95B000B8A19 /* Products */;
			projectDirPath = "";
			projectRoot = "";
			targets = (
				6D80AAED14D7C95B000B8A19 /* tagEventor */,
			);
		};
/* End PBXProject section */

/* Begin PBXSourcesBuildPhase section */
		6D80AAEA14D7C95B000B8A19 /* Sources */ = {
			isa = PBXSourcesBuildPhase;
			buildActionMask = 2147483647;
			files = (
				6D80AB0214D8C703000B8A19 /* daemonControl.c in Sources */,
				6D80AB0314D8C703000B8A19 /* rulesTable.c in Sources */,
				6D80AB0414D8C703000B8A19 /* tagEventor.c in Sources */,
				6D80AB0B14D8C733000B8A19 /* acr122UDriver.c in Sources */,
				6D80AB0C14D8C733000B8A19 /* tagReader.c in Sources */,
			);
			runOnlyForDeploymentPostprocessing = 0;
		};
/* End PBXSourcesBuildPhase section */

/* Begin XCBuildConfiguration section */
		6D80AAF614D7C95B000B8A19 /* Debug */ = {
			isa = XCBuildConfiguration;
			buildSettings = {
				ALWAYS_SEARCH_USER_PATHS = NO;
				ARCHS = "$(ARCHS_STANDARD_64_BIT)";
				COPY_PHASE_STRIP = NO;
				GCC_C_LANGUAGE_STANDARD = gnu99;
				GCC_DYNAMIC_NO_PIC = NO;
				GCC_ENABLE_OBJC_EXCEPTIONS = YES;
				GCC_OPTIMIZATION_LEVEL = 0;
				GCC_PREPROCESSOR_DEFINITIONS = (
					"DEBUG=1",
					"$(inherited)",
				);
				GCC_SYMBOLS_PRIVATE_EXTERN = NO;
				GCC_VERSION = com.apple.compilers.llvm.clang.1_0;
				GCC_WARN_64_TO_32_BIT_CONVERSION = YES;
				GCC_WARN_ABOUT_MISSING_PROTOTYPES = YES;
				GCC_WARN_ABOUT_RETURN_TYPE = YES;
				GCC_WARN_UNUSED_VARIABLE = YES;
				MACOSX_DEPLOYMENT_TARGET = 10.7;
				ONLY_ACTIVE_ARCH = YES;
				SDKROOT = macosx;
			};
			name = Debug;
		};
		6D80AAF714D7C95B000B8A19 /* Release */ = {
			isa = XCBuildConfiguration;
			buildSettings = {
				ALWAYS_SEARCH_USER_PATHS = NO;
				ARCHS = "$(ARCHS_STANDARD_64_BIT)";
				COPY_PHASE_STRIP = YES;
				DEBUG_INFORMATION_FORMAT = "dwarf-with-dsym";
				GCC_C_LANGUAGE_STANDARD = gnu99;
				GCC_ENABLE_OBJC_EXCEPTIONS = YES;
				GCC_VERSION = com.apple.compilers.llvm.clang.1_0;
				GCC_WARN_64_TO_32_BIT_CONVERSION = YES;
				GCC_WARN_ABOUT_MISSING_PROTOTYPES = YES;
				GCC_WARN_ABOUT_RETURN_TYPE = YES;
				GCC_WARN_UNUSED_VARIABLE = YES;
				MACOSX_DEPLOYMENT_TARGET = 10.7;
				SDKROOT = macosx;
			};
			name = Release;
		};
		6D80AAF914D7C95B000B8A19 /* Debug */ = {
			isa = XCBuildConfiguration;
			buildSettings = {
				PRODUCT_NAME = "$(TARGET_NAME)";
			};
			name = Debug;
		};
		6D80AAFA14D7C95B000B8A19 /* Release */ = {
			isa = XCBuildConfiguration;
			buildSettings = {
				PRODUCT_NAME = "$(TARGET_NAME)";
			};
			name = Release;
		};
/* End XCBuildConfiguration section */

/* Begin XCConfigurationList section */
		6D80AAE814D7C95B000B8A19 /* Build configuration list for PBXProject "tagEventor" */ = {
			isa = XCConfigurationList;
			buildConfigurations = (
				6D80AAF614D7C95B000B8A19 /* Debug */,
				6D80AAF714D7C95B000B8A19 /* Release */,
			);
			defaultConfigurationIsVisible = 0;
			defaultConfigurationName = Release;
		};
		6D80AAF814D7C95B000B8A19 /* Build configuration list for PBXNativeTarget "tagEventor" */ = {
			isa = XCConfigurationList;
			buildConfigurations = (
				6D80AAF914D7C95B000B8A19 /* Debug */,
				6D80AAFA14D7C95B000B8A19 /* Release */,
			);
			defaultConfigurationIsVisible = 0;
		};
/* End XCConfigurationList section */
	};
	rootObject = 6D80AAE514D7C95B000B8A19 /* Project object */;
}
